# This file is automatically @generated by Cargo.
# It is not intended for manual editing.
version = 4

[[package]]
name = "fuste"
version = "0.0.1"
dependencies = [
 "fuste-channel",
 "fuste-ecall",
 "fuste-exit",
 "fuste-std-output",
 "fuste-write",
]

[[package]]
name = "fuste-alloc"
version = "0.0.1"

[[package]]
name = "fuste-channel"
version = "0.0.1"
dependencies = [
 "fuste-ecall",
]

[[package]]
name = "fuste-ecall"
version = "0.0.1"

[[package]]
name = "fuste-exit"
version = "0.0.1"
dependencies = [
 "fuste-ecall",
]

[[package]]
name = "fuste-galloc"
version = "0.0.1"
dependencies = [
 "fuste-alloc",
]

[[package]]
name = "fuste-std-output"
version = "0.0.1"
dependencies = [
 "fuste-write",
]

[[package]]
name = "fuste-write"
version = "0.0.1"
dependencies = [
 "fuste-ecall",
]

[[package]]
name = "my-fuste-heap-program"
version = "0.1.0"
dependencies = [
 "fuste",
 "fuste-galloc",
]

[[package]]
name = "my-fuste-program"
version = "0.1.0"
dependencies = [
 "fuste",
]

[[package]]
name = "my-program"
version = "0.1.0"
